{
  "name": "mergecraft-agent-clis",
  "lockfileVersion": 3,
  "requires": true,
  "packages": {
    "": {
      "name": "mergecraft-agent-clis",
      "dependencies": {
        "@anthropic-ai/claude-code": "2.1.240",
        "@google/gemini-cli": "0.56.0",
        "@openai/codex": "0.149.0",
        "opencode-ai": "1.18.21"
      }
    },
    "node_modules/@anthropic-ai/claude-code": {
      "version": "2.1.240",
      "resolved": "https://registry.npmjs.org/@anthropic-ai/claude-code/-/claude-code-2.1.240.tgz",
      "integrity": "sha512-0ivyKRUk9et03PlsZTxwb+LobqW3oGUstvdTnFNcRFATOmp/uyiO6ApVc4XDvg6eQoY6uG8j+kOeNd68BsfeoQ==",
      "hasInstallScript": true,
      "license": "SEE LICENSE IN README.md",
      "bin": {
        "claude": "bin/claude.exe"
      },
      "engines": {
        "node": ">=22.0.0"
      },
      "optionalDependencies": {
        "@anthropic-ai/claude-code-darwin-arm64": "2.1.240",
        "@anthropic-ai/claude-code-darwin-x64": "2.1.240",
        "@anthropic-ai/claude-code-linux-arm64": "2.1.240",
        "@anthropic-ai/claude-code-linux-arm64-musl": "2.1.240",
        "@anthropic-ai/claude-code-linux-x64": "2.1.240",
        "@anthropic-ai/claude-code-linux-x64-musl": "2.1.240",
        "@anthropic-ai/claude-code-win32-arm64": "2.1.240",
        "@anthropic-ai/claude-code-win32-x64": "2.1.240"
      }
    },
    "node_modules/@anthropic-ai/claude-code-darwin-arm64": {
      "version": "2.1.240",
      "resolved": "https://registry.npmjs.org/@anthropic-ai/claude-code-darwin-arm64/-/claude-code-darwin-arm64-2.1.240.tgz",
      "integrity": "sha512-r0rSze2908DMAdrdS7anrSukxxyH5RYWlCWFV9BIYHgl9U/vHMPHj2bpbQASV0CWUz3bVpJWAaldrbeT0znLIA==",
      "cpu": [
        "arm64"
      ],
      "license": "SEE LICENSE IN LICENSE.md",
      "optional": true,
      "os": [
        "darwin"
      ]
    },
    "node_modules/@anthropic-ai/claude-code-darwin-x64": {
      "version": "2.1.240",
      "resolved": "https://registry.npmjs.org/@anthropic-ai/claude-code-darwin-x64/-/claude-code-darwin-x64-2.1.240.tgz",
      "integrity": "sha512-vFQraAqoIs/bIP6BpN8r8lP0Rety8g6J1ZoeWeyjCWj8FktvcAuM665NnzSk4juxiB4t/9h189UO3YB18MbPTA==",
      "cpu": [
        "x64"
      ],
      "license": "SEE LICENSE IN LICENSE.md",
      "optional": true,
      "os": [
        "darwin"
      ]
    },
    "node_modules/@anthropic-ai/claude-code-linux-arm64": {
      "version": "2.1.240",
      "resolved": "https://registry.npmjs.org/@anthropic-ai/claude-code-linux-arm64/-/claude-code-linux-arm64-2.1.240.tgz",
      "integrity": "sha512-pzI3/EiPTkORSy4YcKy9r7ICrl5KjDZJLvIh8H6dIWR4KFzXZ0CPZakRqtWNr79HzJCczAz1DiSzbipbqHvMUg==",
      "cpu": [
        "arm64"
      ],
      "libc": [
        "glibc"
      ],
      "license": "SEE LICENSE IN LICENSE.md",
      "optional": true,
      "os": [
        "linux"
      ]
    },
    "node_modules/@anthropic-ai/claude-code-linux-arm64-musl": {
      "version": "2.1.240",
      "resolved": "https://registry.npmjs.org/@anthropic-ai/claude-code-linux-arm64-musl/-/claude-code-linux-arm64-musl-2.1.240.tgz",
      "integrity": "sha512-4UDt7OOgbDQJGL9ejCUjfsbyh1LUaqmdKbcyBfW8oMIiovWe1cbCkdAxIIg2AywTlYV/lkIIU6036qJgQEXoCg==",
      "cpu": [
        "arm64"
      ],
      "libc": [
        "musl"
      ],
      "license": "SEE LICENSE IN LICENSE.md",
      "optional": true,
      "os": [
        "linux"
      ]
    },
    "node_modules/@anthropic-ai/claude-code-linux-x64": {
      "version": "2.1.240",
      "resolved": "https://registry.npmjs.org/@anthropic-ai/claude-code-linux-x64/-/claude-code-linux-x64-2.1.240.tgz",
      "integrity": "sha512-cyQBaMWj9svNFgO07Xu24CB2F/KMv/PTGm8KwX9mcOYR5m1VO7IQQ2HB+dWh6zG02FOfSeKLd/Rbw+wsuIecaA==",
      "cpu": [
        "x64"
      ],
      "libc": [
        "glibc"
      ],
      "license": "SEE LICENSE IN LICENSE.md",
      "optional": true,
      "os": [
        "linux"
      ]
    },
    "node_modules/@anthropic-ai/claude-code-linux-x64-musl": {
      "version": "2.1.240",
      "resolved": "https://registry.npmjs.org/@anthropic-ai/claude-code-linux-x64-musl/-/claude-code-linux-x64-musl-2.1.240.tgz",
      "integrity": "sha512-VE2aEzHlIjrvMbDvtBWAT5c/rRp8ILGqY3kjYynhXuqoqRe85N7FTY+dPhdafhaGvkOWcQJLh+6pUHJDkVXynQ==",
      "cpu": [
        "x64"
      ],
      "libc": [
        "musl"
      ],
      "license": "SEE LICENSE IN LICENSE.md",
      "optional": true,
      "os": [
        "linux"
      ]
    },
    "node_modules/@anthropic-ai/claude-code-win32-arm64": {
      "version": "2.1.240",
      "resolved": "https://registry.npmjs.org/@anthropic-ai/claude-code-win32-arm64/-/claude-code-win32-arm64-2.1.240.tgz",
      "integrity": "sha512-AMc4jvnVtEn+ZBto2M/AT2TazAXnC8ETS38W2oEZnHsAeKvxvg/KxUHj7047D7US+nJHg7ogt2n0KTMtiVcsow==",
      "cpu": [
        "arm64"
      ],
      "license": "SEE LICENSE IN LICENSE.md",
      "optional": true,
      "os": [
        "win32"
      ]
    },
    "node_modules/@anthropic-ai/claude-code-win32-x64": {
      "version": "2.1.240",
      "resolved": "https://registry.npmjs.org/@anthropic-ai/claude-code-win32-x64/-/claude-code-win32-x64-2.1.240.tgz",
      "integrity": "sha512-bv8aEg6dxSGTTeam0VDeCk9DYMMiAPv1Ljm2WNibpliJHpDNf0lw2NJaEK2UbTOTZLK1Y4nJgYT6j1Dq1ms44g==",
      "cpu": [
        "x64"
      ],
      "license": "SEE LICENSE IN LICENSE.md",
      "optional": true,
      "os": [
        "win32"
      ]
    },
    "node_modules/@github/keytar": {
      "version": "7.10.6",
      "resolved": "https://registry.npmjs.org/@github/keytar/-/keytar-7.10.6.tgz",
      "integrity": "sha512-mRW6cUsSG+nj4jp5gp8e91zPySaT73r+2JM6VyMZfrEgksjPmjSMr+tPGNOK3HUHV+GUU9B1LAiiYy/wmAnIxA==",
      "hasInstallScript": true,
      "license": "MIT",
      "optional": true,
      "dependencies": {
        "node-addon-api": "^8.3.0"
      }
    },
    "node_modules/@google/gemini-cli": {
      "version": "0.56.0",
      "resolved": "https://registry.npmjs.org/@google/gemini-cli/-/gemini-cli-0.56.0.tgz",
      "integrity": "sha512-q4oBfb/Oh/HNLMYBOJMp88/QQ8hLffnB0ykoVThi6A5isbGHJ/ylWLMosMGqukKY0Q1Jv/XRDpb46Q1BV+zQqw==",
      "license": "Apache-2.0",
      "bin": {
        "gemini": "bundle/gemini.js"
      },
      "engines": {
        "node": ">=20"
      },
      "optionalDependencies": {
        "@github/keytar": "7.10.6",
        "@lydell/node-pty": "1.1.0",
        "@lydell/node-pty-darwin-arm64": "1.1.0",
        "@lydell/node-pty-darwin-x64": "1.1.0",
        "@lydell/node-pty-linux-x64": "1.1.0",
        "@lydell/node-pty-win32-arm64": "1.1.0",
        "@lydell/node-pty-win32-x64": "1.1.0",
        "node-pty": "1.0.0"
      }
    },
    "node_modules/@lydell/node-pty": {
      "version": "1.1.0",
      "resolved": "https://registry.npmjs.org/@lydell/node-pty/-/node-pty-1.1.0.tgz",
      "integrity": "sha512-VDD8LtlMTOrPKWMXUAcB9+LTktzuunqrMwkYR1DMRBkS6LQrCt+0/Ws1o2rMml/n3guePpS7cxhHF7Nm5K4iMw==",
      "license": "MIT",
      "optional": true,
      "optionalDependencies": {
        "@lydell/node-pty-darwin-arm64": "1.1.0",
        "@lydell/node-pty-darwin-x64": "1.1.0",
        "@lydell/node-pty-linux-arm64": "1.1.0",
        "@lydell/node-pty-linux-x64": "1.1.0",
        "@lydell/node-pty-win32-arm64": "1.1.0",
        "@lydell/node-pty-win32-x64": "1.1.0"
      }
    },
    "node_modules/@lydell/node-pty-darwin-arm64": {
      "version": "1.1.0",
      "resolved": "https://registry.npmjs.org/@lydell/node-pty-darwin-arm64/-/node-pty-darwin-arm64-1.1.0.tgz",
      "integrity": "sha512-7kFD+owAA61qmhJCtoMbqj3Uvff3YHDiU+4on5F2vQdcMI3MuwGi7dM6MkFG/yuzpw8LF2xULpL71tOPUfxs0w==",
      "cpu": [
        "arm64"
      ],
      "license": "MIT",
      "optional": true,
      "os": [
        "darwin"
      ]
    },
    "node_modules/@lydell/node-pty-darwin-x64": {
      "version": "1.1.0",
      "resolved": "https://registry.npmjs.org/@lydell/node-pty-darwin-x64/-/node-pty-darwin-x64-1.1.0.tgz",
      "integrity": "sha512-XZdvqj5FjAMjH8bdp0YfaZjur5DrCIDD1VYiE9EkkYVMDQqRUPHYV3U8BVEQVT9hYfjmpr7dNaELF2KyISWSNA==",
      "cpu": [
        "x64"
      ],
      "license": "MIT",
      "optional": true,
      "os": [
        "darwin"
      ]
    },
    "node_modules/@lydell/node-pty-linux-arm64": {
      "version": "1.1.0",
      "resolved": "https://registry.npmjs.org/@lydell/node-pty-linux-arm64/-/node-pty-linux-arm64-1.1.0.tgz",
      "integrity": "sha512-yyDBmalCfHpLiQMT2zyLcqL2Fay4Xy7rIs8GH4dqKLnEviMvPGOK7LADVkKAsbsyXBSISL3Lt1m1MtxhPH6ckg==",
      "cpu": [
        "arm64"
      ],
      "license": "MIT",
      "optional": true,
      "os": [
        "linux"
      ]
    },
    "node_modules/@lydell/node-pty-linux-x64": {
      "version": "1.1.0",
      "resolved": "https://registry.npmjs.org/@lydell/node-pty-linux-x64/-/node-pty-linux-x64-1.1.0.tgz",
      "integrity": "sha512-NcNqRTD14QT+vXcEuqSSvmWY+0+WUBn2uRE8EN0zKtDpIEr9d+YiFj16Uqds6QfcLCHfZmC+Ls7YzwTaqDnanA==",
      "cpu": [
        "x64"
      ],
      "license": "MIT",
      "optional": true,
      "os": [
        "linux"
      ]
    },
    "node_modules/@lydell/node-pty-win32-arm64": {
      "version": "1.1.0",
      "resolved": "https://registry.npmjs.org/@lydell/node-pty-win32-arm64/-/node-pty-win32-arm64-1.1.0.tgz",
      "integrity": "sha512-JOMbCou+0fA7d/m97faIIfIU0jOv8sn2OR7tI45u3AmldKoKoLP8zHY6SAvDDnI3fccO1R2HeR1doVjpS7HM0w==",
      "cpu": [
        "arm64"
      ],
      "license": "MIT",
      "optional": true,
      "os": [
        "win32"
      ]
    },
    "node_modules/@lydell/node-pty-win32-x64": {
      "version": "1.1.0",
      "resolved": "https://registry.npmjs.org/@lydell/node-pty-win32-x64/-/node-pty-win32-x64-1.1.0.tgz",
      "integrity": "sha512-3N56BZ+WDFnUMYRtsrr7Ky2mhWGl9xXcyqR6cexfuCqcz9RNWL+KoXRv/nZylY5dYaXkft4JaR1uVu+roiZDAw==",
      "cpu": [
        "x64"
      ],
      "license": "MIT",
      "optional": true,
      "os": [
        "win32"
      ]
    },
    "node_modules/@openai/codex": {
      "version": "0.149.0",
      "resolved": "https://registry.npmjs.org/@openai/codex/-/codex-0.149.0.tgz",
      "integrity": "sha512-i4dryj2Y1j+00Mb5n+0n71EYnTK9/KDc2cdFo/dXD0d1oTog2bhUssKDEIOnKmnEf51P0Z/HJTWvTKw/UHyOvQ==",
      "license": "Apache-2.0",
      "bin": {
        "codex": "bin/codex.js"
      },
      "engines": {
        "node": ">=16"
      },
      "optionalDependencies": {
        "@openai/codex-darwin-arm64": "npm:@openai/codex@0.149.0-darwin-arm64",
        "@openai/codex-darwin-x64": "npm:@openai/codex@0.149.0-darwin-x64",
        "@openai/codex-linux-arm64": "npm:@openai/codex@0.149.0-linux-arm64",
        "@openai/codex-linux-x64": "npm:@openai/codex@0.149.0-linux-x64",
        "@openai/codex-win32-arm64": "npm:@openai/codex@0.149.0-win32-arm64",
        "@openai/codex-win32-x64": "npm:@openai/codex@0.149.0-win32-x64"
      }
    },
    "node_modules/@openai/codex-darwin-arm64": {
      "name": "@openai/codex",
      "version": "0.149.0-darwin-arm64",
      "resolved": "https://registry.npmjs.org/@openai/codex/-/codex-0.149.0-darwin-arm64.tgz",
      "integrity": "sha512-GsZJbzBWiD48RETrO8VHGAQNgfSrUVxItXZFeD87wswatPi0+lKuQo8Dx4nMYmOZhZrVtwr3al/feRrZxnDV8Q==",
      "cpu": [
        "arm64"
      ],
      "license": "Apache-2.0",
      "optional": true,
      "os": [
        "darwin"
      ],
      "engines": {
        "node": ">=16"
      }
    },
    "node_modules/@openai/codex-darwin-x64": {
      "name": "@openai/codex",
      "version": "0.149.0-darwin-x64",
      "resolved": "https://registry.npmjs.org/@openai/codex/-/codex-0.149.0-darwin-x64.tgz",
      "integrity": "sha512-H+mMgW3Nhc5QzGWEklCoFqACuOc0cVpgPkPQRw0LShoK7P5664T6BRnyl1yzT6orKPKv49cXry7DIWWZ19SanQ==",
      "cpu": [
        "x64"
      ],
      "license": "Apache-2.0",
      "optional": true,
      "os": [
        "darwin"
      ],
      "engines": {
        "node": ">=16"
      }
    },
    "node_modules/@openai/codex-linux-arm64": {
      "name": "@openai/codex",
      "version": "0.149.0-linux-arm64",
      "resolved": "https://registry.npmjs.org/@openai/codex/-/codex-0.149.0-linux-arm64.tgz",
      "integrity": "sha512-fAXPpvIob+11RNZJS9CVVTsKb+V4Hw3woGFPj42D7fU2wBJUKI2jfAc4fLJNtrpwRecLeW601mtkMHOSIbWuuA==",
      "cpu": [
        "arm64"
      ],
      "license": "Apache-2.0",
      "optional": true,
      "os": [
        "linux"
      ],
      "engines": {
        "node": ">=16"
      }
    },
    "node_modules/@openai/codex-linux-x64": {
      "name": "@openai/codex",
      "version": "0.149.0-linux-x64",
      "resolved": "https://registry.npmjs.org/@openai/codex/-/codex-0.149.0-linux-x64.tgz",
      "integrity": "sha512-uZXaN9JPxu0/jjnqqJeTd4kRYPnjVZK3MiVndfG1mHhEaoDKL7ScWHfPqvAEOjwsSDEmQSlMfUkmvYp/CHciYw==",
      "cpu": [
        "x64"
      ],
      "license": "Apache-2.0",
      "optional": true,
      "os": [
        "linux"
      ],
      "engines": {
        "node": ">=16"
      }
    },
    "node_modules/@openai/codex-win32-arm64": {
      "name": "@openai/codex",
      "version": "0.149.0-win32-arm64",
      "resolved": "https://registry.npmjs.org/@openai/codex/-/codex-0.149.0-win32-arm64.tgz",
      "integrity": "sha512-pUd8MzuwtqT5DhM1NUE1gETWIZ9fkDA1XB7tt9YNIi/peUgLuziQgZd7o0bNON4cNzgbil1YUN1qDTgQm0g3pg==",
      "cpu": [
        "arm64"
      ],
      "license": "Apache-2.0",
      "optional": true,
      "os": [
        "win32"
      ],
      "engines": {
        "node": ">=16"
      }
    },
    "node_modules/@openai/codex-win32-x64": {
      "name": "@openai/codex",
      "version": "0.149.0-win32-x64",
      "resolved": "https://registry.npmjs.org/@openai/codex/-/codex-0.149.0-win32-x64.tgz",
      "integrity": "sha512-qKbwSOOO/fdhQ5MlXE2fts6taPxRPZ/zqeC+eqHD72hLRymV9rFCUbUxOCquognUPRPvS/2/kRCV0UVhoDd3yQ==",
      "cpu": [
        "x64"
      ],
      "license": "Apache-2.0",
      "optional": true,
      "os": [
        "win32"
      ],
      "engines": {
        "node": ">=16"
      }
    },
    "node_modules/nan": {
      "version": "2.28.0",
      "resolved": "https://registry.npmjs.org/nan/-/nan-2.28.0.tgz",
      "integrity": "sha512-fTsDz99OTq2sVePhGdp4qQhggZFtKr64ZNVyVajRKtMOkJxYekplBh577PiJB12v/D3s2E5cGtOI45LWp6rnLQ==",
      "license": "MIT",
      "optional": true
    },
    "node_modules/node-addon-api": {
      "version": "8.9.1",
      "resolved": "https://registry.npmjs.org/node-addon-api/-/node-addon-api-8.9.1.tgz",
      "integrity": "sha512-4eUQWVPCUUUiBjLnHS3cXWeC6ryoPUc0U3rP7IuzapoGbzMqd/r6KKO0clr0b+snQhsrueFEhCZDdK+LK7hxKg==",
      "license": "MIT",
      "optional": true,
      "engines": {
        "node": "^18 || ^20 || >= 21"
      }
    },
    "node_modules/node-pty": {
      "version": "1.0.0",
      "resolved": "https://registry.npmjs.org/node-pty/-/node-pty-1.0.0.tgz",
      "integrity": "sha512-wtBMWWS7dFZm/VgqElrTvtfMq4GzJ6+edFI0Y0zyzygUSZMgZdraDUMUhCIvkjhJjme15qWmbyJbtAx4ot4uZA==",
      "hasInstallScript": true,
      "license": "MIT",
      "optional": true,
      "dependencies": {
        "nan": "^2.17.0"
      }
    },
    "node_modules/opencode-ai": {
      "version": "1.18.21",
      "resolved": "https://registry.npmjs.org/opencode-ai/-/opencode-ai-1.18.21.tgz",
      "integrity": "sha512-BxQyxpD0y2X0sXJUKLOooXVmi9QIoeKPtdH68r7QRiqXJ/YulK1MQvSe8KyA8183zoPV0G6JAtgz1OqmE3OGUw==",
      "cpu": [
        "arm64",
        "x64"
      ],
      "hasInstallScript": true,
      "license": "MIT",
      "os": [
        "darwin",
        "linux",
        "win32"
      ],
      "bin": {
        "opencode": "bin/opencode.exe"
      },
      "optionalDependencies": {
        "opencode-darwin-arm64": "1.18.21",
        "opencode-darwin-x64": "1.18.21",
        "opencode-darwin-x64-baseline": "1.18.21",
        "opencode-linux-arm64": "1.18.21",
        "opencode-linux-arm64-musl": "1.18.21",
        "opencode-linux-x64": "1.18.21",
        "opencode-linux-x64-baseline": "1.18.21",
        "opencode-linux-x64-baseline-musl": "1.18.21",
        "opencode-linux-x64-musl": "1.18.21",
        "opencode-windows-arm64": "1.18.21",
        "opencode-windows-x64": "1.18.21",
        "opencode-windows-x64-baseline": "1.18.21"
      }
    },
    "node_modules/opencode-darwin-arm64": {
      "version": "1.18.21",
      "resolved": "https://registry.npmjs.org/opencode-darwin-arm64/-/opencode-darwin-arm64-1.18.21.tgz",
      "integrity": "sha512-VEeFMsNJ4C4T3+hJiMcNVK0kGMUr6X+p4NJoxpvYwSfSBkVsUpxb9pZPNjj0ZNxvEkuydDtm1D5UE+Dj61+0Ew==",
      "cpu": [
        "arm64"
      ],
      "optional": true,
      "os": [
        "darwin"
      ]
    },
    "node_modules/opencode-darwin-x64": {
      "version": "1.18.21",
      "resolved": "https://registry.npmjs.org/opencode-darwin-x64/-/opencode-darwin-x64-1.18.21.tgz",
      "integrity": "sha512-giHRU28MknuFjkaKyFb58YlAgre2tzTj22TjNY4uJqgkZnaCfwnlXfGjs1lvkBBPKRA8BZfhj+osIhPXPz7VLw==",
      "cpu": [
        "x64"
      ],
      "optional": true,
      "os": [
        "darwin"
      ]
    },
    "node_modules/opencode-darwin-x64-baseline": {
      "version": "1.18.21",
      "resolved": "https://registry.npmjs.org/opencode-darwin-x64-baseline/-/opencode-darwin-x64-baseline-1.18.21.tgz",
      "integrity": "sha512-PkUuiQHk/+NhJXzrg6eRZjz26zfo6tlDjVTsvUKSUzuAOxqVJAg74uVO5jRPMM93C4ftf8wcxRhaTkNr4v1Ovw==",
      "cpu": [
        "x64"
      ],
      "optional": true,
      "os": [
        "darwin"
      ]
    },
    "node_modules/opencode-linux-arm64": {
      "version": "1.18.21",
      "resolved": "https://registry.npmjs.org/opencode-linux-arm64/-/opencode-linux-arm64-1.18.21.tgz",
      "integrity": "sha512-9mzZd/4mHG/rngbSToCQg7W82OKBay920k3l0v+ojajllp8JVGJqQmDmATvNpsoUVOa201nqkfiQI0GvpCofHA==",
      "cpu": [
        "arm64"
      ],
      "optional": true,
      "os": [
        "linux"
      ]
    },
    "node_modules/opencode-linux-arm64-musl": {
      "version": "1.18.21",
      "resolved": "https://registry.npmjs.org/opencode-linux-arm64-musl/-/opencode-linux-arm64-musl-1.18.21.tgz",
      "integrity": "sha512-mWjELwOQm8PhcqVyAmyuocJQP2Vsl8mw8BG13eZ0Izs8k0Kq0/i8YXdxU/pdyeXJM6+r9baJ20EuLSrsDTTuyw==",
      "cpu": [
        "arm64"
      ],
      "libc": [
        "musl"
      ],
      "optional": true,
      "os": [
        "linux"
      ]
    },
    "node_modules/opencode-linux-x64": {
      "version": "1.18.21",
      "resolved": "https://registry.npmjs.org/opencode-linux-x64/-/opencode-linux-x64-1.18.21.tgz",
      "integrity": "sha512-e7AegOOCksBHTuQ2YUg6J7UxYKMReN21wck52YbEUl2RJvcAnfAyl4sfB6y9QosAILXFl3853EXBbYj/8BljxQ==",
      "cpu": [
        "x64"
      ],
      "optional": true,
      "os": [
        "linux"
      ]
    },
    "node_modules/opencode-linux-x64-baseline": {
      "version": "1.18.21",
      "resolved": "https://registry.npmjs.org/opencode-linux-x64-baseline/-/opencode-linux-x64-baseline-1.18.21.tgz",
      "integrity": "sha512-eTvSmVVgPEi6KWooCbQsTRh/Tp97hX9pGhY62DnvZ6Ejpyav23jNBwWhnPx8XHpCdQPUEfPnpfdqvm/f8CGocA==",
      "cpu": [
        "x64"
      ],
      "optional": true,
      "os": [
        "linux"
      ]
    },
    "node_modules/opencode-linux-x64-baseline-musl": {
      "version": "1.18.21",
      "resolved": "https://registry.npmjs.org/opencode-linux-x64-baseline-musl/-/opencode-linux-x64-baseline-musl-1.18.21.tgz",
      "integrity": "sha512-t6kvICk+wH1A/fFCqRNS4CrJzZqBcBGCPxrab4XxtGTYnxzzYiz5gQxb/iMhWKcQSwGhu03Gi0jeDo9MfQKR2A==",
      "cpu": [
        "x64"
      ],
      "libc": [
        "musl"
      ],
      "optional": true,
      "os": [
        "linux"
      ]
    },
    "node_modules/opencode-linux-x64-musl": {
      "version": "1.18.21",
      "resolved": "https://registry.npmjs.org/opencode-linux-x64-musl/-/opencode-linux-x64-musl-1.18.21.tgz",
      "integrity": "sha512-6K2g+kjyH9LMPhCJxz42CYaZoxVGZXkAslFeWzlyn/+xkRSJHVn3kGUObMS2hE/UZ7CQVTffm7kVlttJDWgPwg==",
      "cpu": [
        "x64"
      ],
      "libc": [
        "musl"
      ],
      "optional": true,
      "os": [
        "linux"
      ]
    },
    "node_modules/opencode-windows-arm64": {
      "version": "1.18.21",
      "resolved": "https://registry.npmjs.org/opencode-windows-arm64/-/opencode-windows-arm64-1.18.21.tgz",
      "integrity": "sha512-tAyjoN9z2YChe6TguHudU6njEznsoBraTvWRJxcVkxtQMZrFB89x/OlKJJ3m5GxlceI4ReeBGP309biK6VJE7w==",
      "cpu": [
        "arm64"
      ],
      "optional": true,
      "os": [
        "win32"
      ]
    },
    "node_modules/opencode-windows-x64": {
      "version": "1.18.21",
      "resolved": "https://registry.npmjs.org/opencode-windows-x64/-/opencode-windows-x64-1.18.21.tgz",
      "integrity": "sha512-eLrIAczcDUy0F32JU7wKD4bB0L6U75H2ryoz84I5ydtboRG1Muk8pO88HcL9ty92Zrx71HC9mLT5tSQy6ETvbw==",
      "cpu": [
        "x64"
      ],
      "optional": true,
      "os": [
        "win32"
      ]
    },
    "node_modules/opencode-windows-x64-baseline": {
      "version": "1.18.21",
      "resolved": "https://registry.npmjs.org/opencode-windows-x64-baseline/-/opencode-windows-x64-baseline-1.18.21.tgz",
      "integrity": "sha512-KqFmdEqHEBfv4sPpXLqeUaCv42OBlCwyQz6FmHDg169ZrafvPLiTds5wTYtFWOUhRCDYjQvokSNILqFHomyc4w==",
      "cpu": [
        "x64"
      ],
      "optional": true,
      "os": [
        "win32"
      ]
    }
  }
}
